
Microsoft Visual Studio Solution File, Format Version 12.00
# Visual Studio 15
Project("{FAE04EC0-301F-11D3-BF4B-00C04F79EFBC}") = "UnityEngine.TestRunner", "UnityEngine.TestRunner.csproj", "{AF24462D-DA8E-13BF-D2AB-CD83F91314FA}"
EndProject
Project("{FAE04EC0-301F-11D3-BF4B-00C04F79EFBC}") = "Unity.Mathematics", "Unity.Mathematics.csproj", "{CFE6F75A-280B-711D-D6E6-896C38E9AD90}"
EndProject
Project("{FAE04EC0-301F-11D3-BF4B-00C04F79EFBC}") = "Unity.InputSystem", "Unity.InputSystem.csproj", "{996CDFE1-7009-FC46-58AD-7147B07F04E7}"
EndProject
Project("{FAE04EC0-301F-11D3-BF4B-00C04F79EFBC}") = "Assembly-CSharp", "Assembly-CSharp.csproj", "{C27FC214-60EB-EDDD-81A4-E516C82EDCC5}"
EndProject
Project("{FAE04EC0-301F-11D3-BF4B-00C04F79EFBC}") = "Unity.2D.Animation.Triangle.Runtime", "Unity.2D.Animation.Triangle.Runtime.csproj", "{8282289A-EECE-ABED-EBE1-9727471FD119}"
EndProject
Project("{FAE04EC0-301F-11D3-BF4B-00C04F79EFBC}") = "Unity.Timeline", "Unity.Timeline.csproj", "{B0D176B3-87FD-D7D1-4A60-3BA1E01B2CAE}"
EndProject
Project("{FAE04EC0-301F-11D3-BF4B-00C04F79EFBC}") = "Unity.Postprocessing.Runtime", "Unity.Postprocessing.Runtime.csproj", "{83BFCD2A-B085-B083-D5D1-6C2C9A1CA6C9}"
EndProject
Project("{FAE04EC0-301F-11D3-BF4B-00C04F79EFBC}") = "Unity.TextMeshPro", "Unity.TextMeshPro.csproj", "{6FB3AF0D-7E75-6071-CC71-CA76DCD3ADF7}"
EndProject
Project("{FAE04EC0-301F-11D3-BF4B-00C04F79EFBC}") = "Unity.2D.Animation.Runtime", "Unity.2D.Animation.Runtime.csproj", "{A001ABA1-6209-4525-A1C9-82DF993B4B40}"
EndProject
Project("{FAE04EC0-301F-11D3-BF4B-00C04F79EFBC}") = "Unity.2D.IK.Runtime", "Unity.2D.IK.Runtime.csproj", "{B69BB80F-9B1F-6C77-A9BD-C895F6EFA7F1}"
EndProject
Project("{FAE04EC0-301F-11D3-BF4B-00C04F79EFBC}") = "Unity.2D.SpriteShape.Runtime", "Unity.2D.SpriteShape.Runtime.csproj", "{8F3A78E8-7D1D-D5C8-C412-DB6D5CC3F24A}"
EndProject
Project("{FAE04EC0-301F-11D3-BF4B-00C04F79EFBC}") = "Unity.2D.PixelPerfect", "Unity.2D.PixelPerfect.csproj", "{2F712073-AAEC-CB95-2362-AD74384323A6}"
EndProject
Project("{FAE04EC0-301F-11D3-BF4B-00C04F79EFBC}") = "Unity.2D.Common.Runtime", "Unity.2D.Common.Runtime.csproj", "{9647AFC3-884B-FB50-7E14-890F4B03E666}"
EndProject
Project("{FAE04EC0-301F-11D3-BF4B-00C04F79EFBC}") = "Unity.InternalAPIEngineBridge.001", "Unity.InternalAPIEngineBridge.001.csproj", "{F1611F8E-3C00-B0EC-3C66-34CF69CA966A}"
EndProject
Project("{FAE04EC0-301F-11D3-BF4B-00C04F79EFBC}") = "Unity.Timeline.Editor", "Unity.Timeline.Editor.csproj", "{34501EE0-78FB-767E-26B5-688C1E539EEC}"
EndProject
Project("{FAE04EC0-301F-11D3-BF4B-00C04F79EFBC}") = "Unity.TextMeshPro.Editor", "Unity.TextMeshPro.Editor.csproj", "{465D2867-639D-788C-2B4A-E13AE5A5EAAB}"
EndProject
Project("{FAE04EC0-301F-11D3-BF4B-00C04F79EFBC}") = "Unity.CollabProxy.Editor", "Unity.CollabProxy.Editor.csproj", "{157E792D-F52E-3A36-33D3-54557D4CDE1B}"
EndProject
Project("{FAE04EC0-301F-11D3-BF4B-00C04F79EFBC}") = "UnityEditor.TestRunner", "UnityEditor.TestRunner.csproj", "{039036D2-3040-F20C-1E0F-2B48BE85F354}"
EndProject
Project("{FAE04EC0-301F-11D3-BF4B-00C04F79EFBC}") = "Unity.PlasticSCM.Editor", "Unity.PlasticSCM.Editor.csproj", "{22EC7D87-6E4C-A4EA-76C9-1B201DC0985A}"
EndProject
Project("{FAE04EC0-301F-11D3-BF4B-00C04F79EFBC}") = "Unity.2D.Animation.Editor", "Unity.2D.Animation.Editor.csproj", "{A3B28107-6CB9-D7A3-763B-87D95E62C048}"
EndProject
Project("{FAE04EC0-301F-11D3-BF4B-00C04F79EFBC}") = "Unity.Services.Core.Editor", "Unity.Services.Core.Editor.csproj", "{63892C1C-1650-7C9C-8559-976F7B241D5B}"
EndProject
Project("{FAE04EC0-301F-11D3-BF4B-00C04F79EFBC}") = "Unity.VisualStudio.Editor", "Unity.VisualStudio.Editor.csproj", "{A096DFCD-3FAD-231D-1A0B-6E65780586B5}"
EndProject
Project("{FAE04EC0-301F-11D3-BF4B-00C04F79EFBC}") = "Unity.2D.Psdimporter.Editor", "Unity.2D.Psdimporter.Editor.csproj", "{01BDDE7B-970C-B7F1-1FEC-2A67B20A036D}"
EndProject
Project("{FAE04EC0-301F-11D3-BF4B-00C04F79EFBC}") = "Unity.2D.SpriteShape.Editor", "Unity.2D.SpriteShape.Editor.csproj", "{DA0FE130-183B-8F31-6F9C-CCC17C9D026D}"
EndProject
Project("{FAE04EC0-301F-11D3-BF4B-00C04F79EFBC}") = "PsdPlugin", "PsdPlugin.csproj", "{CF082317-4D17-AE21-4397-1799AF4C39DC}"
EndProject
Project("{FAE04EC0-301F-11D3-BF4B-00C04F79EFBC}") = "Unity.Postprocessing.Editor", "Unity.Postprocessing.Editor.csproj", "{1B39AEF8-3F1A-4938-56B8-52FD7A0211AF}"
EndProject
Project("{FAE04EC0-301F-11D3-BF4B-00C04F79EFBC}") = "Unity.2D.Path.Editor", "Unity.2D.Path.Editor.csproj", "{3853FAC3-FBBB-D2B8-A443-F5ED984C6C34}"
EndProject
Project("{FAE04EC0-301F-11D3-BF4B-00C04F79EFBC}") = "Unity.Rider.Editor", "Unity.Rider.Editor.csproj", "{E8120911-D3DF-740B-F80C-937A9EBFF498}"
EndProject
Project("{FAE04EC0-301F-11D3-BF4B-00C04F79EFBC}") = "Unity.2D.IK.Editor", "Unity.2D.IK.Editor.csproj", "{D2614C79-9E94-F666-9536-1FCAC906FE71}"
EndProject
Project("{FAE04EC0-301F-11D3-BF4B-00C04F79EFBC}") = "Unity.2D.PixelPerfect.Editor", "Unity.2D.PixelPerfect.Editor.csproj", "{E4E11276-4E48-9CC8-CF46-57E3182B4976}"
EndProject
Project("{FAE04EC0-301F-11D3-BF4B-00C04F79EFBC}") = "Unity.VSCode.Editor", "Unity.VSCode.Editor.csproj", "{9ABA49E6-443C-B5FA-A301-ACFA4BD53CAA}"
EndProject
Project("{FAE04EC0-301F-11D3-BF4B-00C04F79EFBC}") = "Unity.2D.Common.Editor", "Unity.2D.Common.Editor.csproj", "{0DB21E9C-660F-8163-AA36-BC9FFC0362CA}"
EndProject
Project("{FAE04EC0-301F-11D3-BF4B-00C04F79EFBC}") = "Unity.Mathematics.Editor", "Unity.Mathematics.Editor.csproj", "{5FF695EC-87E9-F167-2DAC-7569381189A5}"
EndProject
Project("{FAE04EC0-301F-11D3-BF4B-00C04F79EFBC}") = "Unity.InternalAPIEditorBridge.001", "Unity.InternalAPIEditorBridge.001.csproj", "{14108181-30BD-ABFE-7D77-ACCF893B0840}"
EndProject
Global
	GlobalSection(SolutionConfigurationPlatforms) = preSolution
		Debug|Any CPU = Debug|Any CPU
		Release|Any CPU = Release|Any CPU
	EndGlobalSection
	GlobalSection(ProjectConfigurationPlatforms) = postSolution
		{AF24462D-DA8E-13BF-D2AB-CD83F91314FA}.Debug|Any CPU.ActiveCfg = Debug|Any CPU
		{AF24462D-DA8E-13BF-D2AB-CD83F91314FA}.Debug|Any CPU.Build.0 = Debug|Any CPU
		{AF24462D-DA8E-13BF-D2AB-CD83F91314FA}.Release|Any CPU.ActiveCfg = Release|Any CPU
		{AF24462D-DA8E-13BF-D2AB-CD83F91314FA}.Release|Any CPU.Build.0 = Release|Any CPU
		{CFE6F75A-280B-711D-D6E6-896C38E9AD90}.Debug|Any CPU.ActiveCfg = Debug|Any CPU
		{CFE6F75A-280B-711D-D6E6-896C38E9AD90}.Debug|Any CPU.Build.0 = Debug|Any CPU
		{CFE6F75A-280B-711D-D6E6-896C38E9AD90}.Release|Any CPU.ActiveCfg = Release|Any CPU
		{CFE6F75A-280B-711D-D6E6-896C38E9AD90}.Release|Any CPU.Build.0 = Release|Any CPU
		{996CDFE1-7009-FC46-58AD-7147B07F04E7}.Debug|Any CPU.ActiveCfg = Debug|Any CPU
		{996CDFE1-7009-FC46-58AD-7147B07F04E7}.Debug|Any CPU.Build.0 = Debug|Any CPU
		{996CDFE1-7009-FC46-58AD-7147B07F04E7}.Release|Any CPU.ActiveCfg = Release|Any CPU
		{996CDFE1-7009-FC46-58AD-7147B07F04E7}.Release|Any CPU.Build.0 = Release|Any CPU
		{C27FC214-60EB-EDDD-81A4-E516C82EDCC5}.Debug|Any CPU.ActiveCfg = Debug|Any CPU
		{C27FC214-60EB-EDDD-81A4-E516C82EDCC5}.Debug|Any CPU.Build.0 = Debug|Any CPU
		{C27FC214-60EB-EDDD-81A4-E516C82EDCC5}.Release|Any CPU.ActiveCfg = Release|Any CPU
		{C27FC214-60EB-EDDD-81A4-E516C82EDCC5}.Release|Any CPU.Build.0 = Release|Any CPU
		{8282289A-EECE-ABED-EBE1-9727471FD119}.Debug|Any CPU.ActiveCfg = Debug|Any CPU
		{8282289A-EECE-ABED-EBE1-9727471FD119}.Debug|Any CPU.Build.0 = Debug|Any CPU
		{8282289A-EECE-ABED-EBE1-9727471FD119}.Release|Any CPU.ActiveCfg = Release|Any CPU
		{8282289A-EECE-ABED-EBE1-9727471FD119}.Release|Any CPU.Build.0 = Release|Any CPU
		{B0D176B3-87FD-D7D1-4A60-3BA1E01B2CAE}.Debug|Any CPU.ActiveCfg = Debug|Any CPU
		{B0D176B3-87FD-D7D1-4A60-3BA1E01B2CAE}.Debug|Any CPU.Build.0 = Debug|Any CPU
		{B0D176B3-87FD-D7D1-4A60-3BA1E01B2CAE}.Release|Any CPU.ActiveCfg = Release|Any CPU
		{B0D176B3-87FD-D7D1-4A60-3BA1E01B2CAE}.Release|Any CPU.Build.0 = Release|Any CPU
		{83BFCD2A-B085-B083-D5D1-6C2C9A1CA6C9}.Debug|Any CPU.ActiveCfg = Debug|Any CPU
		{83BFCD2A-B085-B083-D5D1-6C2C9A1CA6C9}.Debug|Any CPU.Build.0 = Debug|Any CPU
		{83BFCD2A-B085-B083-D5D1-6C2C9A1CA6C9}.Release|Any CPU.ActiveCfg = Release|Any CPU
		{83BFCD2A-B085-B083-D5D1-6C2C9A1CA6C9}.Release|Any CPU.Build.0 = Release|Any CPU
		{6FB3AF0D-7E75-6071-CC71-CA76DCD3ADF7}.Debug|Any CPU.ActiveCfg = Debug|Any CPU
		{6FB3AF0D-7E75-6071-CC71-CA76DCD3ADF7}.Debug|Any CPU.Build.0 = Debug|Any CPU
		{6FB3AF0D-7E75-6071-CC71-CA76DCD3ADF7}.Release|Any CPU.ActiveCfg = Release|Any CPU
		{6FB3AF0D-7E75-6071-CC71-CA76DCD3ADF7}.Release|Any CPU.Build.0 = Release|Any CPU
		{A001ABA1-6209-4525-A1C9-82DF993B4B40}.Debug|Any CPU.ActiveCfg = Debug|Any CPU
		{A001ABA1-6209-4525-A1C9-82DF993B4B40}.Debug|Any CPU.Build.0 = Debug|Any CPU
		{A001ABA1-6209-4525-A1C9-82DF993B4B40}.Release|Any CPU.ActiveCfg = Release|Any CPU
		{A001ABA1-6209-4525-A1C9-82DF993B4B40}.Release|Any CPU.Build.0 = Release|Any CPU
		{B69BB80F-9B1F-6C77-A9BD-C895F6EFA7F1}.Debug|Any CPU.ActiveCfg = Debug|Any CPU
		{B69BB80F-9B1F-6C77-A9BD-C895F6EFA7F1}.Debug|Any CPU.Build.0 = Debug|Any CPU
		{B69BB80F-9B1F-6C77-A9BD-C895F6EFA7F1}.Release|Any CPU.ActiveCfg = Release|Any CPU
		{B69BB80F-9B1F-6C77-A9BD-C895F6EFA7F1}.Release|Any CPU.Build.0 = Release|Any CPU
		{8F3A78E8-7D1D-D5C8-C412-DB6D5CC3F24A}.Debug|Any CPU.ActiveCfg = Debug|Any CPU
		{8F3A78E8-7D1D-D5C8-C412-DB6D5CC3F24A}.Debug|Any CPU.Build.0 = Debug|Any CPU
		{8F3A78E8-7D1D-D5C8-C412-DB6D5CC3F24A}.Release|Any CPU.ActiveCfg = Release|Any CPU
		{8F3A78E8-7D1D-D5C8-C412-DB6D5CC3F24A}.Release|Any CPU.Build.0 = Release|Any CPU
		{2F712073-AAEC-CB95-2362-AD74384323A6}.Debug|Any CPU.ActiveCfg = Debug|Any CPU
		{2F712073-AAEC-CB95-2362-AD74384323A6}.Debug|Any CPU.Build.0 = Debug|Any CPU
		{2F712073-AAEC-CB95-2362-AD74384323A6}.Release|Any CPU.ActiveCfg = Release|Any CPU
		{2F712073-AAEC-CB95-2362-AD74384323A6}.Release|Any CPU.Build.0 = Release|Any CPU
		{9647AFC3-884B-FB50-7E14-890F4B03E666}.Debug|Any CPU.ActiveCfg = Debug|Any CPU
		{9647AFC3-884B-FB50-7E14-890F4B03E666}.Debug|Any CPU.Build.0 = Debug|Any CPU
		{9647AFC3-884B-FB50-7E14-890F4B03E666}.Release|Any CPU.ActiveCfg = Release|Any CPU
		{9647AFC3-884B-FB50-7E14-890F4B03E666}.Release|Any CPU.Build.0 = Release|Any CPU
		{F1611F8E-3C00-B0EC-3C66-34CF69CA966A}.Debug|Any CPU.ActiveCfg = Debug|Any CPU
		{F1611F8E-3C00-B0EC-3C66-34CF69CA966A}.Debug|Any CPU.Build.0 = Debug|Any CPU
		{F1611F8E-3C00-B0EC-3C66-34CF69CA966A}.Release|Any CPU.ActiveCfg = Release|Any CPU
		{F1611F8E-3C00-B0EC-3C66-34CF69CA966A}.Release|Any CPU.Build.0 = Release|Any CPU
		{34501EE0-78FB-767E-26B5-688C1E539EEC}.Debug|Any CPU.ActiveCfg = Debug|Any CPU
		{34501EE0-78FB-767E-26B5-688C1E539EEC}.Debug|Any CPU.Build.0 = Debug|Any CPU
		{34501EE0-78FB-767E-26B5-688C1E539EEC}.Release|Any CPU.ActiveCfg = Release|Any CPU
		{34501EE0-78FB-767E-26B5-688C1E539EEC}.Release|Any CPU.Build.0 = Release|Any CPU
		{465D2867-639D-788C-2B4A-E13AE5A5EAAB}.Debug|Any CPU.ActiveCfg = Debug|Any CPU
		{465D2867-639D-788C-2B4A-E13AE5A5EAAB}.Debug|Any CPU.Build.0 = Debug|Any CPU
		{465D2867-639D-788C-2B4A-E13AE5A5EAAB}.Release|Any CPU.ActiveCfg = Release|Any CPU
		{465D2867-639D-788C-2B4A-E13AE5A5EAAB}.Release|Any CPU.Build.0 = Release|Any CPU
		{157E792D-F52E-3A36-33D3-54557D4CDE1B}.Debug|Any CPU.ActiveCfg = Debug|Any CPU
		{157E792D-F52E-3A36-33D3-54557D4CDE1B}.Debug|Any CPU.Build.0 = Debug|Any CPU
		{157E792D-F52E-3A36-33D3-54557D4CDE1B}.Release|Any CPU.ActiveCfg = Release|Any CPU
		{157E792D-F52E-3A36-33D3-54557D4CDE1B}.Release|Any CPU.Build.0 = Release|Any CPU
		{039036D2-3040-F20C-1E0F-2B48BE85F354}.Debug|Any CPU.ActiveCfg = Debug|Any CPU
		{039036D2-3040-F20C-1E0F-2B48BE85F354}.Debug|Any CPU.Build.0 = Debug|Any CPU
		{039036D2-3040-F20C-1E0F-2B48BE85F354}.Release|Any CPU.ActiveCfg = Release|Any CPU
		{039036D2-3040-F20C-1E0F-2B48BE85F354}.Release|Any CPU.Build.0 = Release|Any CPU
		{22EC7D87-6E4C-A4EA-76C9-1B201DC0985A}.Debug|Any CPU.ActiveCfg = Debug|Any CPU
		{22EC7D87-6E4C-A4EA-76C9-1B201DC0985A}.Debug|Any CPU.Build.0 = Debug|Any CPU
		{22EC7D87-6E4C-A4EA-76C9-1B201DC0985A}.Release|Any CPU.ActiveCfg = Release|Any CPU
		{22EC7D87-6E4C-A4EA-76C9-1B201DC0985A}.Release|Any CPU.Build.0 = Release|Any CPU
		{A3B28107-6CB9-D7A3-763B-87D95E62C048}.Debug|Any CPU.ActiveCfg = Debug|Any CPU
		{A3B28107-6CB9-D7A3-763B-87D95E62C048}.Debug|Any CPU.Build.0 = Debug|Any CPU
		{A3B28107-6CB9-D7A3-763B-87D95E62C048}.Release|Any CPU.ActiveCfg = Release|Any CPU
		{A3B28107-6CB9-D7A3-763B-87D95E62C048}.Release|Any CPU.Build.0 = Release|Any CPU
		{63892C1C-1650-7C9C-8559-976F7B241D5B}.Debug|Any CPU.ActiveCfg = Debug|Any CPU
		{63892C1C-1650-7C9C-8559-976F7B241D5B}.Debug|Any CPU.Build.0 = Debug|Any CPU
		{63892C1C-1650-7C9C-8559-976F7B241D5B}.Release|Any CPU.ActiveCfg = Release|Any CPU
		{63892C1C-1650-7C9C-8559-976F7B241D5B}.Release|Any CPU.Build.0 = Release|Any CPU
		{A096DFCD-3FAD-231D-1A0B-6E65780586B5}.Debug|Any CPU.ActiveCfg = Debug|Any CPU
		{A096DFCD-3FAD-231D-1A0B-6E65780586B5}.Debug|Any CPU.Build.0 = Debug|Any CPU
		{A096DFCD-3FAD-231D-1A0B-6E65780586B5}.Release|Any CPU.ActiveCfg = Release|Any CPU
		{A096DFCD-3FAD-231D-1A0B-6E65780586B5}.Release|Any CPU.Build.0 = Release|Any CPU
		{01BDDE7B-970C-B7F1-1FEC-2A67B20A036D}.Debug|Any CPU.ActiveCfg = Debug|Any CPU
		{01BDDE7B-970C-B7F1-1FEC-2A67B20A036D}.Debug|Any CPU.Build.0 = Debug|Any CPU
		{01BDDE7B-970C-B7F1-1FEC-2A67B20A036D}.Release|Any CPU.ActiveCfg = Release|Any CPU
		{01BDDE7B-970C-B7F1-1FEC-2A67B20A036D}.Release|Any CPU.Build.0 = Release|Any CPU
		{DA0FE130-183B-8F31-6F9C-CCC17C9D026D}.Debug|Any CPU.ActiveCfg = Debug|Any CPU
		{DA0FE130-183B-8F31-6F9C-CCC17C9D026D}.Debug|Any CPU.Build.0 = Debug|Any CPU
		{DA0FE130-183B-8F31-6F9C-CCC17C9D026D}.Release|Any CPU.ActiveCfg = Release|Any CPU
		{DA0FE130-183B-8F31-6F9C-CCC17C9D026D}.Release|Any CPU.Build.0 = Release|Any CPU
		{CF082317-4D17-AE21-4397-1799AF4C39DC}.Debug|Any CPU.ActiveCfg = Debug|Any CPU
		{CF082317-4D17-AE21-4397-1799AF4C39DC}.Debug|Any CPU.Build.0 = Debug|Any CPU
		{CF082317-4D17-AE21-4397-1799AF4C39DC}.Release|Any CPU.ActiveCfg = Release|Any CPU
		{CF082317-4D17-AE21-4397-1799AF4C39DC}.Release|Any CPU.Build.0 = Release|Any CPU
		{1B39AEF8-3F1A-4938-56B8-52FD7A0211AF}.Debug|Any CPU.ActiveCfg = Debug|Any CPU
		{1B39AEF8-3F1A-4938-56B8-52FD7A0211AF}.Debug|Any CPU.Build.0 = Debug|Any CPU
		{1B39AEF8-3F1A-4938-56B8-52FD7A0211AF}.Release|Any CPU.ActiveCfg = Release|Any CPU
		{1B39AEF8-3F1A-4938-56B8-52FD7A0211AF}.Release|Any CPU.Build.0 = Release|Any CPU
		{3853FAC3-FBBB-D2B8-A443-F5ED984C6C34}.Debug|Any CPU.ActiveCfg = Debug|Any CPU
		{3853FAC3-FBBB-D2B8-A443-F5ED984C6C34}.Debug|Any CPU.Build.0 = Debug|Any CPU
		{3853FAC3-FBBB-D2B8-A443-F5ED984C6C34}.Release|Any CPU.ActiveCfg = Release|Any CPU
		{3853FAC3-FBBB-D2B8-A443-F5ED984C6C34}.Release|Any CPU.Build.0 = Release|Any CPU
		{E8120911-D3DF-740B-F80C-937A9EBFF498}.Debug|Any CPU.ActiveCfg = Debug|Any CPU
		{E8120911-D3DF-740B-F80C-937A9EBFF498}.Debug|Any CPU.Build.0 = Debug|Any CPU
		{E8120911-D3DF-740B-F80C-937A9EBFF498}.Release|Any CPU.ActiveCfg = Release|Any CPU
		{E8120911-D3DF-740B-F80C-937A9EBFF498}.Release|Any CPU.Build.0 = Release|Any CPU
		{D2614C79-9E94-F666-9536-1FCAC906FE71}.Debug|Any CPU.ActiveCfg = Debug|Any CPU
		{D2614C79-9E94-F666-9536-1FCAC906FE71}.Debug|Any CPU.Build.0 = Debug|Any CPU
		{D2614C79-9E94-F666-9536-1FCAC906FE71}.Release|Any CPU.ActiveCfg = Release|Any CPU
		{D2614C79-9E94-F666-9536-1FCAC906FE71}.Release|Any CPU.Build.0 = Release|Any CPU
		{E4E11276-4E48-9CC8-CF46-57E3182B4976}.Debug|Any CPU.ActiveCfg = Debug|Any CPU
		{E4E11276-4E48-9CC8-CF46-57E3182B4976}.Debug|Any CPU.Build.0 = Debug|Any CPU
		{E4E11276-4E48-9CC8-CF46-57E3182B4976}.Release|Any CPU.ActiveCfg = Release|Any CPU
		{E4E11276-4E48-9CC8-CF46-57E3182B4976}.Release|Any CPU.Build.0 = Release|Any CPU
		{9ABA49E6-443C-B5FA-A301-ACFA4BD53CAA}.Debug|Any CPU.ActiveCfg = Debug|Any CPU
		{9ABA49E6-443C-B5FA-A301-ACFA4BD53CAA}.Debug|Any CPU.Build.0 = Debug|Any CPU
		{9ABA49E6-443C-B5FA-A301-ACFA4BD53CAA}.Release|Any CPU.ActiveCfg = Release|Any CPU
		{9ABA49E6-443C-B5FA-A301-ACFA4BD53CAA}.Release|Any CPU.Build.0 = Release|Any CPU
		{0DB21E9C-660F-8163-AA36-BC9FFC0362CA}.Debug|Any CPU.ActiveCfg = Debug|Any CPU
		{0DB21E9C-660F-8163-AA36-BC9FFC0362CA}.Debug|Any CPU.Build.0 = Debug|Any CPU
		{0DB21E9C-660F-8163-AA36-BC9FFC0362CA}.Release|Any CPU.ActiveCfg = Release|Any CPU
		{0DB21E9C-660F-8163-AA36-BC9FFC0362CA}.Release|Any CPU.Build.0 = Release|Any CPU
		{5FF695EC-87E9-F167-2DAC-7569381189A5}.Debug|Any CPU.ActiveCfg = Debug|Any CPU
		{5FF695EC-87E9-F167-2DAC-7569381189A5}.Debug|Any CPU.Build.0 = Debug|Any CPU
		{5FF695EC-87E9-F167-2DAC-7569381189A5}.Release|Any CPU.ActiveCfg = Release|Any CPU
		{5FF695EC-87E9-F167-2DAC-7569381189A5}.Release|Any CPU.Build.0 = Release|Any CPU
		{14108181-30BD-ABFE-7D77-ACCF893B0840}.Debug|Any CPU.ActiveCfg = Debug|Any CPU
		{14108181-30BD-ABFE-7D77-ACCF893B0840}.Debug|Any CPU.Build.0 = Debug|Any CPU
		{14108181-30BD-ABFE-7D77-ACCF893B0840}.Release|Any CPU.ActiveCfg = Release|Any CPU
		{14108181-30BD-ABFE-7D77-ACCF893B0840}.Release|Any CPU.Build.0 = Release|Any CPU
	EndGlobalSection
	GlobalSection(SolutionProperties) = preSolution
		HideSolutionNode = FALSE
	EndGlobalSection
EndGlobal
